
Microsoft Visual Studio Solution File, Format Version 12.00
# Visual Studio 14
VisualStudioVersion = 14.0.25420.1
MinimumVisualStudioVersion = 10.0.40219.1
Project("{FAE04EC0-301F-11D3-BF4B-00C04F79EFBC}") = "League", "League\League.csproj", "{EC9FCEDE-9B54-4EA5-AD81-FF99F2BD406F}"
EndProject
Project("{FAE04EC0-301F-11D3-BF4B-00C04F79EFBC}") = "SummonerAPI", "SummonerAPI\SummonerAPI.csproj", "{FA1E0527-26F9-4737-944C-556B7C05FB53}"
EndProject
Global
	GlobalSection(SolutionConfigurationPlatforms) = preSolution
		Debug|Any CPU = Debug|Any CPU
		Release|Any CPU = Release|Any CPU
	EndGlobalSection
	GlobalSection(ProjectConfigurationPlatforms) = postSolution
		{EC9FCEDE-9B54-4EA5-AD81-FF99F2BD406F}.Debug|Any CPU.ActiveCfg = Debug|Any CPU
		{EC9FCEDE-9B54-4EA5-AD81-FF99F2BD406F}.Debug|Any CPU.Build.0 = Debug|Any CPU
		{EC9FCEDE-9B54-4EA5-AD81-FF99F2BD406F}.Release|Any CPU.ActiveCfg = Release|Any CPU
		{EC9FCEDE-9B54-4EA5-AD81-FF99F2BD406F}.Release|Any CPU.Build.0 = Release|Any CPU
		{FA1E0527-26F9-4737-944C-556B7C05FB53}.Debug|Any CPU.ActiveCfg = Debug|Any CPU
		{FA1E0527-26F9-4737-944C-556B7C05FB53}.Debug|Any CPU.Build.0 = Debug|Any CPU
		{FA1E0527-26F9-4737-944C-556B7C05FB53}.Release|Any CPU.ActiveCfg = Release|Any CPU
		{FA1E0527-26F9-4737-944C-556B7C05FB53}.Release|Any CPU.Build.0 = Release|Any CPU
	EndGlobalSection
	GlobalSection(SolutionProperties) = preSolution
		HideSolutionNode = FALSE
	EndGlobalSection
EndGlobal
